
Microsoft Visual Studio Solution File, Format Version 12.00
# Visual Studio Version 16
VisualStudioVersion = 16.0.30523.141
MinimumVisualStudioVersion = 10.0.40219.1
Project("{8BC9CEB8-8B4A-11D0-8D11-00A0C91BC942}") = "server", "server\server.vcxproj", "{9231F6FC-E8C9-468A-91DF-C1CBE04F14A6}"
EndProject
Global
	GlobalSection(SolutionConfigurationPlatforms) = preSolution
		Debug|x64 = Debug|x64
		Debug|x86 = Debug|x86
		Release|x64 = Release|x64
		Release|x86 = Release|x86
	EndGlobalSection
	GlobalSection(ProjectConfigurationPlatforms) = postSolution
		{9231F6FC-E8C9-468A-91DF-C1CBE04F14A6}.Debug|x64.ActiveCfg = Debug|x64
		{9231F6FC-E8C9-468A-91DF-C1CBE04F14A6}.Debug|x64.Build.0 = Debug|x64
		{9231F6FC-E8C9-468A-91DF-C1CBE04F14A6}.Debug|x86.ActiveCfg = Debug|Win32
		{9231F6FC-E8C9-468A-91DF-C1CBE04F14A6}.Debug|x86.Build.0 = Debug|Win32
		{9231F6FC-E8C9-468A-91DF-C1CBE04F14A6}.Release|x64.ActiveCfg = Release|x64
		{9231F6FC-E8C9-468A-91DF-C1CBE04F14A6}.Release|x64.Build.0 = Release|x64
		{9231F6FC-E8C9-468A-91DF-C1CBE04F14A6}.Release|x86.ActiveCfg = Release|Win32
		{9231F6FC-E8C9-468A-91DF-C1CBE04F14A6}.Release|x86.Build.0 = Release|Win32
	EndGlobalSection
	GlobalSection(SolutionProperties) = preSolution
		HideSolutionNode = FALSE
	EndGlobalSection
	GlobalSection(ExtensibilityGlobals) = postSolution
		SolutionGuid = {BA8C5E09-72F2-4330-8C80-1D88F1576283}
	EndGlobalSection
EndGlobal
